
Microsoft Visual Studio Solution File, Format Version 12.00
# Visual Studio Version 17
VisualStudioVersion = 17.12.35527.113
MinimumVisualStudioVersion = 10.0.40219.1
Project("{FAE04EC0-301F-11D3-BF4B-00C04F79EFBC}") = "Image_Reconstruction_Classifier", "Image_Reconstruction_Classifier\Image_Reconstruction_Classifier.csproj", "{56A4E709-DE9D-4CFE-9BF5-3BFFC7F26BE6}"
EndProject
Project("{2150E333-8FDC-42A3-9474-1A3956D46DE8}") = "UnitTests", "UnitTests", "{AD8E2E2A-96F5-483F-A06F-EF0D94ED9E67}"
EndProject
Project("{FAE04EC0-301F-11D3-BF4B-00C04F79EFBC}") = "ArrayExten.UnitTest", "UnitTests\ArrayExten.UnitTest\ArrayExten.UnitTest.csproj", "{0C849F7B-260D-4388-9FEE-0A945C14B608}"
EndProject
Project("{FAE04EC0-301F-11D3-BF4B-00C04F79EFBC}") = "BinaryToImage.UnitTest", "UnitTests\BinaryToImage.UnitTest\BinaryToImage.UnitTest.csproj", "{41CAE2C1-1FCE-4737-A6D1-091611FDF134}"
EndProject
Project("{FAE04EC0-301F-11D3-BF4B-00C04F79EFBC}") = "ExcelHelper.UnitTest", "UnitTests\ExcelHelper.UnitTest\ExcelHelper.UnitTest.csproj", "{741A005E-DFE4-4366-B193-887F668E8F7D}"
EndProject
Project("{FAE04EC0-301F-11D3-BF4B-00C04F79EFBC}") = "HTM.UnitTest", "UnitTests\HTM.UnitTest\HTM.UnitTest.csproj", "{C9EB666D-E90C-4912-9087-F93BDC5E87EE}"
EndProject
Project("{FAE04EC0-301F-11D3-BF4B-00C04F79EFBC}") = "ImageFilter.UnitTest", "UnitTests\ImageFilter.UnitTest\ImageFilter.UnitTest.csproj", "{A5133EBB-C3FA-4CD2-84F4-8EA4BFB4811E}"
EndProject
Project("{FAE04EC0-301F-11D3-BF4B-00C04F79EFBC}") = "ImageLoader.UnitTest", "UnitTests\ImageLoader.UnitTest\ImageLoader.UnitTest.csproj", "{DD8934EA-E133-436B-AAE2-192374ACD772}"
EndProject
Project("{FAE04EC0-301F-11D3-BF4B-00C04F79EFBC}") = "ImageProcess.UnitTest", "UnitTests\ImageProcess.UnitTest\ImageProcess.UnitTest.csproj", "{4061064A-4F01-4C33-90A0-128AAAF4E092}"
EndProject
Project("{FAE04EC0-301F-11D3-BF4B-00C04F79EFBC}") = "ImageSpatial.UnitTest", "UnitTests\ImageSpatial.UnitTest\ImageSpatial.UnitTest.csproj", "{26C020B1-C521-4DDD-97CC-D86B06EE7372}"
EndProject
Project("{FAE04EC0-301F-11D3-BF4B-00C04F79EFBC}") = "ImgSimilarity.UnitTest", "UnitTests\ImgSimilarity.UnitTest\ImgSimilarity.UnitTest.csproj", "{FEB17495-45F5-4EBE-A8E1-3868E116ADD6}"
EndProject
Project("{FAE04EC0-301F-11D3-BF4B-00C04F79EFBC}") = "Knn_UnitTest", "UnitTests\Knn_UnitTests\Knn_UnitTest.csproj", "{03F82A3A-8846-496D-A62D-F657769B707E}"
EndProject
Global
	GlobalSection(SolutionConfigurationPlatforms) = preSolution
		Debug|Any CPU = Debug|Any CPU
		Release|Any CPU = Release|Any CPU
	EndGlobalSection
	GlobalSection(ProjectConfigurationPlatforms) = postSolution
		{56A4E709-DE9D-4CFE-9BF5-3BFFC7F26BE6}.Debug|Any CPU.ActiveCfg = Debug|Any CPU
		{56A4E709-DE9D-4CFE-9BF5-3BFFC7F26BE6}.Debug|Any CPU.Build.0 = Debug|Any CPU
		{56A4E709-DE9D-4CFE-9BF5-3BFFC7F26BE6}.Release|Any CPU.ActiveCfg = Release|Any CPU
		{56A4E709-DE9D-4CFE-9BF5-3BFFC7F26BE6}.Release|Any CPU.Build.0 = Release|Any CPU
		{0C849F7B-260D-4388-9FEE-0A945C14B608}.Debug|Any CPU.ActiveCfg = Debug|Any CPU
		{0C849F7B-260D-4388-9FEE-0A945C14B608}.Debug|Any CPU.Build.0 = Debug|Any CPU
		{0C849F7B-260D-4388-9FEE-0A945C14B608}.Release|Any CPU.ActiveCfg = Release|Any CPU
		{0C849F7B-260D-4388-9FEE-0A945C14B608}.Release|Any CPU.Build.0 = Release|Any CPU
		{41CAE2C1-1FCE-4737-A6D1-091611FDF134}.Debug|Any CPU.ActiveCfg = Debug|Any CPU
		{41CAE2C1-1FCE-4737-A6D1-091611FDF134}.Debug|Any CPU.Build.0 = Debug|Any CPU
		{41CAE2C1-1FCE-4737-A6D1-091611FDF134}.Release|Any CPU.ActiveCfg = Release|Any CPU
		{41CAE2C1-1FCE-4737-A6D1-091611FDF134}.Release|Any CPU.Build.0 = Release|Any CPU
		{741A005E-DFE4-4366-B193-887F668E8F7D}.Debug|Any CPU.ActiveCfg = Debug|Any CPU
		{741A005E-DFE4-4366-B193-887F668E8F7D}.Debug|Any CPU.Build.0 = Debug|Any CPU
		{741A005E-DFE4-4366-B193-887F668E8F7D}.Release|Any CPU.ActiveCfg = Release|Any CPU
		{741A005E-DFE4-4366-B193-887F668E8F7D}.Release|Any CPU.Build.0 = Release|Any CPU
		{C9EB666D-E90C-4912-9087-F93BDC5E87EE}.Debug|Any CPU.ActiveCfg = Debug|Any CPU
		{C9EB666D-E90C-4912-9087-F93BDC5E87EE}.Debug|Any CPU.Build.0 = Debug|Any CPU
		{C9EB666D-E90C-4912-9087-F93BDC5E87EE}.Release|Any CPU.ActiveCfg = Release|Any CPU
		{C9EB666D-E90C-4912-9087-F93BDC5E87EE}.Release|Any CPU.Build.0 = Release|Any CPU
		{A5133EBB-C3FA-4CD2-84F4-8EA4BFB4811E}.Debug|Any CPU.ActiveCfg = Debug|Any CPU
		{A5133EBB-C3FA-4CD2-84F4-8EA4BFB4811E}.Debug|Any CPU.Build.0 = Debug|Any CPU
		{A5133EBB-C3FA-4CD2-84F4-8EA4BFB4811E}.Release|Any CPU.ActiveCfg = Release|Any CPU
		{A5133EBB-C3FA-4CD2-84F4-8EA4BFB4811E}.Release|Any CPU.Build.0 = Release|Any CPU
		{DD8934EA-E133-436B-AAE2-192374ACD772}.Debug|Any CPU.ActiveCfg = Debug|Any CPU
		{DD8934EA-E133-436B-AAE2-192374ACD772}.Debug|Any CPU.Build.0 = Debug|Any CPU
		{DD8934EA-E133-436B-AAE2-192374ACD772}.Release|Any CPU.ActiveCfg = Release|Any CPU
		{DD8934EA-E133-436B-AAE2-192374ACD772}.Release|Any CPU.Build.0 = Release|Any CPU
		{4061064A-4F01-4C33-90A0-128AAAF4E092}.Debug|Any CPU.ActiveCfg = Debug|Any CPU
		{4061064A-4F01-4C33-90A0-128AAAF4E092}.Debug|Any CPU.Build.0 = Debug|Any CPU
		{4061064A-4F01-4C33-90A0-128AAAF4E092}.Release|Any CPU.ActiveCfg = Release|Any CPU
		{4061064A-4F01-4C33-90A0-128AAAF4E092}.Release|Any CPU.Build.0 = Release|Any CPU
		{26C020B1-C521-4DDD-97CC-D86B06EE7372}.Debug|Any CPU.ActiveCfg = Debug|Any CPU
		{26C020B1-C521-4DDD-97CC-D86B06EE7372}.Debug|Any CPU.Build.0 = Debug|Any CPU
		{26C020B1-C521-4DDD-97CC-D86B06EE7372}.Release|Any CPU.ActiveCfg = Release|Any CPU
		{26C020B1-C521-4DDD-97CC-D86B06EE7372}.Release|Any CPU.Build.0 = Release|Any CPU
		{FEB17495-45F5-4EBE-A8E1-3868E116ADD6}.Debug|Any CPU.ActiveCfg = Debug|Any CPU
		{FEB17495-45F5-4EBE-A8E1-3868E116ADD6}.Debug|Any CPU.Build.0 = Debug|Any CPU
		{FEB17495-45F5-4EBE-A8E1-3868E116ADD6}.Release|Any CPU.ActiveCfg = Release|Any CPU
		{FEB17495-45F5-4EBE-A8E1-3868E116ADD6}.Release|Any CPU.Build.0 = Release|Any CPU
		{03F82A3A-8846-496D-A62D-F657769B707E}.Debug|Any CPU.ActiveCfg = Debug|Any CPU
		{03F82A3A-8846-496D-A62D-F657769B707E}.Debug|Any CPU.Build.0 = Debug|Any CPU
		{03F82A3A-8846-496D-A62D-F657769B707E}.Release|Any CPU.ActiveCfg = Release|Any CPU
		{03F82A3A-8846-496D-A62D-F657769B707E}.Release|Any CPU.Build.0 = Release|Any CPU
	EndGlobalSection
	GlobalSection(SolutionProperties) = preSolution
		HideSolutionNode = FALSE
	EndGlobalSection
	GlobalSection(NestedProjects) = preSolution
		{0C849F7B-260D-4388-9FEE-0A945C14B608} = {AD8E2E2A-96F5-483F-A06F-EF0D94ED9E67}
		{41CAE2C1-1FCE-4737-A6D1-091611FDF134} = {AD8E2E2A-96F5-483F-A06F-EF0D94ED9E67}
		{741A005E-DFE4-4366-B193-887F668E8F7D} = {AD8E2E2A-96F5-483F-A06F-EF0D94ED9E67}
		{C9EB666D-E90C-4912-9087-F93BDC5E87EE} = {AD8E2E2A-96F5-483F-A06F-EF0D94ED9E67}
		{A5133EBB-C3FA-4CD2-84F4-8EA4BFB4811E} = {AD8E2E2A-96F5-483F-A06F-EF0D94ED9E67}
		{DD8934EA-E133-436B-AAE2-192374ACD772} = {AD8E2E2A-96F5-483F-A06F-EF0D94ED9E67}
		{4061064A-4F01-4C33-90A0-128AAAF4E092} = {AD8E2E2A-96F5-483F-A06F-EF0D94ED9E67}
		{26C020B1-C521-4DDD-97CC-D86B06EE7372} = {AD8E2E2A-96F5-483F-A06F-EF0D94ED9E67}
		{FEB17495-45F5-4EBE-A8E1-3868E116ADD6} = {AD8E2E2A-96F5-483F-A06F-EF0D94ED9E67}
		{03F82A3A-8846-496D-A62D-F657769B707E} = {AD8E2E2A-96F5-483F-A06F-EF0D94ED9E67}
	EndGlobalSection
EndGlobal
